
Microsoft Visual Studio Solution File, Format Version 12.00
# Visual Studio Version 17
VisualStudioVersion = 17.4.33213.308
MinimumVisualStudioVersion = 10.0.40219.1
Project("{9A19103F-16F7-4668-BE54-9A1E7A4F7556}") = "Mango.Web", "Mango.Web\Mango.Web.csproj", "{FA58151B-5DFA-4056-8194-BF123A0F0BBB}"
EndProject
Project("{2150E333-8FDC-42A3-9474-1A3956D46DE8}") = "FrontEnd", "FrontEnd", "{D324D9F4-E0CC-4AAC-86C3-5F2C68F3CBC0}"
EndProject
Project("{2150E333-8FDC-42A3-9474-1A3956D46DE8}") = "Services", "Services", "{3AEDA3F0-4E8F-4749-8ABC-47B46C74B560}"
EndProject
Project("{9A19103F-16F7-4668-BE54-9A1E7A4F7556}") = "Mango.Services.ProductAPI", "Mango.Services.ProductAPI\Mango.Services.ProductAPI.csproj", "{2BF395AB-3EEF-4F5E-BB3E-4AC5D1B80FEA}"
EndProject
Project("{9A19103F-16F7-4668-BE54-9A1E7A4F7556}") = "Mango.Services.Identity", "Mango.Services.Identity\Mango.Services.Identity.csproj", "{0C0EEFC9-AEA7-44DD-9211-9E29AD31C4F5}"
EndProject
Project("{9A19103F-16F7-4668-BE54-9A1E7A4F7556}") = "Mango.Services.ShoppingCartAPI", "Mango.Services.ShoppingCartAPI\Mango.Services.ShoppingCartAPI.csproj", "{533F0124-DE7D-4814-8D4B-ED7476658668}"
EndProject
Project("{9A19103F-16F7-4668-BE54-9A1E7A4F7556}") = "Mango.Services.CouponAPI", "Mango.Services.CouponAPI\Mango.Services.CouponAPI.csproj", "{DD01E879-731D-4DE9-96BA-56DF55E5A3C9}"
EndProject
Project("{2150E333-8FDC-42A3-9474-1A3956D46DE8}") = "Integration", "Integration", "{1B174405-A0A7-4415-A5C8-D8244C2E4F4A}"
EndProject
Project("{9A19103F-16F7-4668-BE54-9A1E7A4F7556}") = "Mango.MessageBus", "Mango.MessageBus\Mango.MessageBus.csproj", "{541EFBD4-8DC2-4281-91E2-6FE20D1AC050}"
EndProject
Project("{9A19103F-16F7-4668-BE54-9A1E7A4F7556}") = "Mango.Services.OrderAPI", "Mango.Services.OrderAPI\Mango.Services.OrderAPI.csproj", "{A7D4E17C-7851-4F7B-969A-9B52D1815440}"
EndProject
Project("{2150E333-8FDC-42A3-9474-1A3956D46DE8}") = "Payments", "Payments", "{29C00520-D130-4EC0-9CA7-F6E4CA63F87C}"
EndProject
Project("{9A19103F-16F7-4668-BE54-9A1E7A4F7556}") = "PaymentProcessor", "PaymentProcessor\PaymentProcessor.csproj", "{E629ED53-66E1-4D95-A7EA-307348498E0E}"
EndProject
Project("{9A19103F-16F7-4668-BE54-9A1E7A4F7556}") = "Mango.Services.PaymentAPI", "Mango.Services.PaymentAPI\Mango.Services.PaymentAPI.csproj", "{5A6DAF61-24A3-4C65-876A-9AE229A2B646}"
EndProject
Project("{FAE04EC0-301F-11D3-BF4B-00C04F79EFBC}") = "Mango.Services.Email", "Mango.Services.Email\Mango.Services.Email.csproj", "{728E2440-5898-4CF8-B3C0-712204EF7838}"
EndProject
Global
	GlobalSection(SolutionConfigurationPlatforms) = preSolution
		Debug|Any CPU = Debug|Any CPU
		Release|Any CPU = Release|Any CPU
	EndGlobalSection
	GlobalSection(ProjectConfigurationPlatforms) = postSolution
		{FA58151B-5DFA-4056-8194-BF123A0F0BBB}.Debug|Any CPU.ActiveCfg = Debug|Any CPU
		{FA58151B-5DFA-4056-8194-BF123A0F0BBB}.Debug|Any CPU.Build.0 = Debug|Any CPU
		{FA58151B-5DFA-4056-8194-BF123A0F0BBB}.Release|Any CPU.ActiveCfg = Release|Any CPU
		{FA58151B-5DFA-4056-8194-BF123A0F0BBB}.Release|Any CPU.Build.0 = Release|Any CPU
		{2BF395AB-3EEF-4F5E-BB3E-4AC5D1B80FEA}.Debug|Any CPU.ActiveCfg = Debug|Any CPU
		{2BF395AB-3EEF-4F5E-BB3E-4AC5D1B80FEA}.Debug|Any CPU.Build.0 = Debug|Any CPU
		{2BF395AB-3EEF-4F5E-BB3E-4AC5D1B80FEA}.Release|Any CPU.ActiveCfg = Release|Any CPU
		{2BF395AB-3EEF-4F5E-BB3E-4AC5D1B80FEA}.Release|Any CPU.Build.0 = Release|Any CPU
		{0C0EEFC9-AEA7-44DD-9211-9E29AD31C4F5}.Debug|Any CPU.ActiveCfg = Debug|Any CPU
		{0C0EEFC9-AEA7-44DD-9211-9E29AD31C4F5}.Debug|Any CPU.Build.0 = Debug|Any CPU
		{0C0EEFC9-AEA7-44DD-9211-9E29AD31C4F5}.Release|Any CPU.ActiveCfg = Release|Any CPU
		{0C0EEFC9-AEA7-44DD-9211-9E29AD31C4F5}.Release|Any CPU.Build.0 = Release|Any CPU
		{533F0124-DE7D-4814-8D4B-ED7476658668}.Debug|Any CPU.ActiveCfg = Debug|Any CPU
		{533F0124-DE7D-4814-8D4B-ED7476658668}.Debug|Any CPU.Build.0 = Debug|Any CPU
		{533F0124-DE7D-4814-8D4B-ED7476658668}.Release|Any CPU.ActiveCfg = Release|Any CPU
		{533F0124-DE7D-4814-8D4B-ED7476658668}.Release|Any CPU.Build.0 = Release|Any CPU
		{DD01E879-731D-4DE9-96BA-56DF55E5A3C9}.Debug|Any CPU.ActiveCfg = Debug|Any CPU
		{DD01E879-731D-4DE9-96BA-56DF55E5A3C9}.Debug|Any CPU.Build.0 = Debug|Any CPU
		{DD01E879-731D-4DE9-96BA-56DF55E5A3C9}.Release|Any CPU.ActiveCfg = Release|Any CPU
		{DD01E879-731D-4DE9-96BA-56DF55E5A3C9}.Release|Any CPU.Build.0 = Release|Any CPU
		{541EFBD4-8DC2-4281-91E2-6FE20D1AC050}.Debug|Any CPU.ActiveCfg = Debug|Any CPU
		{541EFBD4-8DC2-4281-91E2-6FE20D1AC050}.Debug|Any CPU.Build.0 = Debug|Any CPU
		{541EFBD4-8DC2-4281-91E2-6FE20D1AC050}.Release|Any CPU.ActiveCfg = Release|Any CPU
		{541EFBD4-8DC2-4281-91E2-6FE20D1AC050}.Release|Any CPU.Build.0 = Release|Any CPU
		{A7D4E17C-7851-4F7B-969A-9B52D1815440}.Debug|Any CPU.ActiveCfg = Debug|Any CPU
		{A7D4E17C-7851-4F7B-969A-9B52D1815440}.Debug|Any CPU.Build.0 = Debug|Any CPU
		{A7D4E17C-7851-4F7B-969A-9B52D1815440}.Release|Any CPU.ActiveCfg = Release|Any CPU
		{A7D4E17C-7851-4F7B-969A-9B52D1815440}.Release|Any CPU.Build.0 = Release|Any CPU
		{E629ED53-66E1-4D95-A7EA-307348498E0E}.Debug|Any CPU.ActiveCfg = Debug|Any CPU
		{E629ED53-66E1-4D95-A7EA-307348498E0E}.Debug|Any CPU.Build.0 = Debug|Any CPU
		{E629ED53-66E1-4D95-A7EA-307348498E0E}.Release|Any CPU.ActiveCfg = Release|Any CPU
		{E629ED53-66E1-4D95-A7EA-307348498E0E}.Release|Any CPU.Build.0 = Release|Any CPU
		{5A6DAF61-24A3-4C65-876A-9AE229A2B646}.Debug|Any CPU.ActiveCfg = Debug|Any CPU
		{5A6DAF61-24A3-4C65-876A-9AE229A2B646}.Debug|Any CPU.Build.0 = Debug|Any CPU
		{5A6DAF61-24A3-4C65-876A-9AE229A2B646}.Release|Any CPU.ActiveCfg = Release|Any CPU
		{5A6DAF61-24A3-4C65-876A-9AE229A2B646}.Release|Any CPU.Build.0 = Release|Any CPU
		{728E2440-5898-4CF8-B3C0-712204EF7838}.Debug|Any CPU.ActiveCfg = Debug|Any CPU
		{728E2440-5898-4CF8-B3C0-712204EF7838}.Debug|Any CPU.Build.0 = Debug|Any CPU
		{728E2440-5898-4CF8-B3C0-712204EF7838}.Release|Any CPU.ActiveCfg = Release|Any CPU
		{728E2440-5898-4CF8-B3C0-712204EF7838}.Release|Any CPU.Build.0 = Release|Any CPU
	EndGlobalSection
	GlobalSection(SolutionProperties) = preSolution
		HideSolutionNode = FALSE
	EndGlobalSection
	GlobalSection(NestedProjects) = preSolution
		{FA58151B-5DFA-4056-8194-BF123A0F0BBB} = {D324D9F4-E0CC-4AAC-86C3-5F2C68F3CBC0}
		{2BF395AB-3EEF-4F5E-BB3E-4AC5D1B80FEA} = {3AEDA3F0-4E8F-4749-8ABC-47B46C74B560}
		{0C0EEFC9-AEA7-44DD-9211-9E29AD31C4F5} = {3AEDA3F0-4E8F-4749-8ABC-47B46C74B560}
		{533F0124-DE7D-4814-8D4B-ED7476658668} = {3AEDA3F0-4E8F-4749-8ABC-47B46C74B560}
		{DD01E879-731D-4DE9-96BA-56DF55E5A3C9} = {3AEDA3F0-4E8F-4749-8ABC-47B46C74B560}
		{541EFBD4-8DC2-4281-91E2-6FE20D1AC050} = {1B174405-A0A7-4415-A5C8-D8244C2E4F4A}
		{A7D4E17C-7851-4F7B-969A-9B52D1815440} = {3AEDA3F0-4E8F-4749-8ABC-47B46C74B560}
		{29C00520-D130-4EC0-9CA7-F6E4CA63F87C} = {1B174405-A0A7-4415-A5C8-D8244C2E4F4A}
		{E629ED53-66E1-4D95-A7EA-307348498E0E} = {29C00520-D130-4EC0-9CA7-F6E4CA63F87C}
		{5A6DAF61-24A3-4C65-876A-9AE229A2B646} = {3AEDA3F0-4E8F-4749-8ABC-47B46C74B560}
		{728E2440-5898-4CF8-B3C0-712204EF7838} = {3AEDA3F0-4E8F-4749-8ABC-47B46C74B560}
	EndGlobalSection
	GlobalSection(ExtensibilityGlobals) = postSolution
		SolutionGuid = {13F4800A-A41E-486A-8DA5-DDD39D256D84}
	EndGlobalSection
EndGlobal
